{
	"name": "lsp-sample-client",
	"version": "0.0.1",
	"lockfileVersion": 2,
	"requires": true,
	"packages": {
		"": {
			"name": "lsp-sample-client",
			"version": "0.0.1",
			"license": "MIT",
			"dependencies": {
				"cd": "^0.3.3",
				"starlark": "file:..",
				"vscode-languageclient": "^10.1.0"
			},
			"devDependencies": {
				"@types/vscode": "1.91.0",
				"@vscode/test-electron": "^3.0.0"
			},
			"engines": {
				"vscode": "^1.91.0"
			}
		},
		"..": {
			"name": "starlark",
			"version": "1.0.0",
			"license": "Apache2",
			"dependencies": {
				"@vscode/vsce": "^3.9.2",
				"vscode-languageclient": "^10.1.0"
			},
			"devDependencies": {
				"@types/mocha": "^10.0.10",
				"@types/node": "^26.1.1",
				"@typescript-eslint/parser": "^8.64.0",
				"eslint": "^10.7.0",
				"mocha": "^11.7.6",
				"typescript": "^6.0.3"
			},
			"engines": {
				"vscode": "^1.91.0"
			}
		},
		"node_modules/@types/vscode": {
			"version": "1.91.0",
			"resolved": "https://registry.facebook.net/@types/vscode/-/vscode-1.91.0.tgz",
			"integrity": "sha512-PgPr+bUODjG3y+ozWUCyzttqR9EHny9sPAfJagddQjDwdtf66y2sDKJMnFZRuzBA2YtBGASqJGPil8VDUPvO6A==",
			"dev": true,
			"license": "MIT"
		},
		"node_modules/@vscode/test-electron": {
			"version": "3.0.0",
			"resolved": "https://registry.facebook.net/@vscode/test-electron/-/test-electron-3.0.0.tgz",
			"integrity": "sha512-TY5mC7aAjxSLDXsyjhrG8cJHgc/HLdiE5lvtW7hABYQrY24Qwozzr5UoO3HiuAM4Hzz4b7K/eZlwrCILj94CcA==",
			"dev": true,
			"license": "MIT",
			"dependencies": {
				"http-proxy-agent": "^7.0.2",
				"https-proxy-agent": "^7.0.5",
				"jszip": "^3.10.1",
				"ora": "^8.1.0",
				"semver": "^7.6.2"
			},
			"engines": {
				"node": ">=22"
			}
		},
		"node_modules/agent-base": {
			"version": "7.1.4",
			"resolved": "https://registry.facebook.net/agent-base/-/agent-base-7.1.4.tgz",
			"integrity": "sha512-MnA+YT8fwfJPgBx3m60MNqakm30XOkyIoH1y6huTQvC0PwZG7ki8NacLBcrPbNoo8vEZy7Jpuk7+jMO+CUovTQ==",
			"dev": true,
			"license": "MIT",
			"engines": {
				"node": ">= 14"
			}
		},
		"node_modules/ansi-regex": {
			"version": "6.2.2",
			"resolved": "https://registry.facebook.net/ansi-regex/-/ansi-regex-6.2.2.tgz",
			"integrity": "sha512-Bq3SmSpyFHaWjPk8If9yc6svM8c56dB5BAtW4Qbw5jHTwwXXcTLoRMkpDJp6VL0XzlWaCHTXrkFURMYmD0sLqg==",
			"dev": true,
			"license": "MIT",
			"engines": {
				"node": ">=12"
			},
			"funding": {
				"url": "https://github.com/chalk/ansi-regex?sponsor=1"
			}
		},
		"node_modules/balanced-match": {
			"version": "4.0.4",
			"resolved": "https://registry.npmjs.org/balanced-match/-/balanced-match-4.0.4.tgz",
			"integrity": "sha512-BLrgEcRTwX2o6gGxGOCNyMvGSp35YofuYzw9h1IMTRmKqttAZZVU67bdb9Pr2vUHA8+j3i2tJfjO6C6+4myGTA==",
			"engines": {
				"node": "18 || 20 || >=22"
			}
		},
		"node_modules/brace-expansion": {
			"version": "5.0.6",
			"resolved": "https://registry.npmjs.org/brace-expansion/-/brace-expansion-5.0.6.tgz",
			"integrity": "sha512-kLpxurY4Z4r9sgMsyG0Z9uzsBlgiU/EFKhj/h91/8yHu0edo7XuixOIH3VcJ8kkxs6/jPzoI6U9Vj3WqbMQ94g==",
			"dependencies": {
				"balanced-match": "^4.0.2"
			},
			"engines": {
				"node": "18 || 20 || >=22"
			}
		},
		"node_modules/cd": {
			"version": "0.3.3",
			"resolved": "https://registry.npmjs.org/cd/-/cd-0.3.3.tgz",
			"integrity": "sha512-X2y0Ssu48ucdkrNgCdg6k3EZWjWVy/dsEywUUTeZEIW31f3bQfq65Svm+TzU1Hz+qqhdmyCdjGhUvRsSKHl/mw==",
			"engines": {
				"node": "*"
			}
		},
		"node_modules/chalk": {
			"version": "5.6.2",
			"resolved": "https://registry.facebook.net/chalk/-/chalk-5.6.2.tgz",
			"integrity": "sha512-7NzBL0rN6fMUW+f7A6Io4h40qQlG+xGmtMxfbnH/K7TAtt8JQWVQK+6g0UXKMeVJoyV5EkkNsErQ8pVD3bLHbA==",
			"dev": true,
			"license": "MIT",
			"engines": {
				"node": "^12.17.0 || ^14.13 || >=16.0.0"
			},
			"funding": {
				"url": "https://github.com/chalk/chalk?sponsor=1"
			}
		},
		"node_modules/cli-cursor": {
			"version": "5.0.0",
			"resolved": "https://registry.facebook.net/cli-cursor/-/cli-cursor-5.0.0.tgz",
			"integrity": "sha512-aCj4O5wKyszjMmDT4tZj93kxyydN/K5zPWSCe6/0AV/AA1pqe5ZBIw0a2ZfPQV7lL5/yb5HsUreJ6UFAF1tEQw==",
			"dev": true,
			"license": "MIT",
			"dependencies": {
				"restore-cursor": "^5.0.0"
			},
			"engines": {
				"node": ">=18"
			},
			"funding": {
				"url": "https://github.com/sponsors/sindresorhus"
			}
		},
		"node_modules/cli-spinners": {
			"version": "2.9.2",
			"resolved": "https://registry.facebook.net/cli-spinners/-/cli-spinners-2.9.2.tgz",
			"integrity": "sha512-ywqV+5MmyL4E7ybXgKys4DugZbX0FC6LnwrhjuykIjnK9k8OQacQ7axGKnjDXWNhns0xot3bZI5h55H8yo9cJg==",
			"dev": true,
			"license": "MIT",
			"engines": {
				"node": ">=6"
			},
			"funding": {
				"url": "https://github.com/sponsors/sindresorhus"
			}
		},
		"node_modules/core-util-is": {
			"version": "1.0.3",
			"resolved": "https://registry.facebook.net/core-util-is/-/core-util-is-1.0.3.tgz",
			"integrity": "sha512-ZQBvi1DcpJ4GDqanjucZ2Hj3wEO5pZDS89BWbkcrvdxksJorwUDDZamX9ldFkp9aw2lmBDLgkObEA4DWNJ9FYQ==",
			"dev": true,
			"license": "MIT"
		},
		"node_modules/debug": {
			"version": "4.4.3",
			"resolved": "https://registry.facebook.net/debug/-/debug-4.4.3.tgz",
			"integrity": "sha512-RGwwWnwQvkVfavKVt22FGLw+xYSdzARwm0ru6DhTVA3umU5hZc28V3kO4stgYryrTlLpuvgI9GiijltAjNbcqA==",
			"dev": true,
			"license": "MIT",
			"dependencies": {
				"ms": "^2.1.3"
			},
			"engines": {
				"node": ">=6.0"
			},
			"peerDependenciesMeta": {
				"supports-color": {
					"optional": true
				}
			}
		},
		"node_modules/emoji-regex": {
			"version": "10.6.0",
			"resolved": "https://registry.facebook.net/emoji-regex/-/emoji-regex-10.6.0.tgz",
			"integrity": "sha512-toUI84YS5YmxW219erniWD0CIVOo46xGKColeNQRgOzDorgBi1v4D71/OFzgD9GO2UGKIv1C3Sp8DAn0+j5w7A==",
			"dev": true,
			"license": "MIT"
		},
		"node_modules/get-east-asian-width": {
			"version": "1.6.0",
			"resolved": "https://registry.facebook.net/get-east-asian-width/-/get-east-asian-width-1.6.0.tgz",
			"integrity": "sha512-QRbvDIbx6YklUe6RxeTeleMR0yv3cYH6PsPZHcnVn7xv7zO1BHN8r0XETu8n6Ye3Q+ahtSarc3WgtNWmehIBfA==",
			"dev": true,
			"license": "MIT",
			"engines": {
				"node": ">=18"
			},
			"funding": {
				"url": "https://github.com/sponsors/sindresorhus"
			}
		},
		"node_modules/http-proxy-agent": {
			"version": "7.0.2",
			"resolved": "https://registry.facebook.net/http-proxy-agent/-/http-proxy-agent-7.0.2.tgz",
			"integrity": "sha512-T1gkAiYYDWYx3V5Bmyu7HcfcvL7mUrTWiM6yOfa3PIphViJ/gFPbvidQ+veqSOHci/PxBcDabeUNCzpOODJZig==",
			"dev": true,
			"license": "MIT",
			"dependencies": {
				"agent-base": "^7.1.0",
				"debug": "^4.3.4"
			},
			"engines": {
				"node": ">= 14"
			}
		},
		"node_modules/https-proxy-agent": {
			"version": "7.0.6",
			"resolved": "https://registry.facebook.net/https-proxy-agent/-/https-proxy-agent-7.0.6.tgz",
			"integrity": "sha512-vK9P5/iUfdl95AI+JVyUuIcVtd4ofvtrOr3HNtM2yxC9bnMbEdp3x01OhQNnjb8IJYi38VlTE3mBXwcfvywuSw==",
			"dev": true,
			"license": "MIT",
			"dependencies": {
				"agent-base": "^7.1.2",
				"debug": "4"
			},
			"engines": {
				"node": ">= 14"
			}
		},
		"node_modules/immediate": {
			"version": "3.0.6",
			"resolved": "https://registry.facebook.net/immediate/-/immediate-3.0.6.tgz",
			"integrity": "sha512-XXOFtyqDjNDAQxVfYxuF7g9Il/IbWmmlQg2MYKOH8ExIT1qg6xc4zyS3HaEEATgs1btfzxq15ciUiY7gjSXRGQ==",
			"dev": true,
			"license": "MIT"
		},
		"node_modules/inherits": {
			"version": "2.0.4",
			"resolved": "https://registry.facebook.net/inherits/-/inherits-2.0.4.tgz",
			"integrity": "sha512-k/vGaX4/Yla3WzyMCvTQOXYeIHvqOKtnqBduzTHpzpQZzAskKMhZ2K+EnBiSM9zGSoIFeMpXKxa4dYeZIQqewQ==",
			"dev": true,
			"license": "ISC"
		},
		"node_modules/is-interactive": {
			"version": "2.0.0",
			"resolved": "https://registry.facebook.net/is-interactive/-/is-interactive-2.0.0.tgz",
			"integrity": "sha512-qP1vozQRI+BMOPcjFzrjXuQvdak2pHNUMZoeG2eRbiSqyvbEf/wQtEOTOX1guk6E3t36RkaqiSt8A/6YElNxLQ==",
			"dev": true,
			"license": "MIT",
			"engines": {
				"node": ">=12"
			},
			"funding": {
				"url": "https://github.com/sponsors/sindresorhus"
			}
		},
		"node_modules/is-unicode-supported": {
			"version": "2.1.0",
			"resolved": "https://registry.facebook.net/is-unicode-supported/-/is-unicode-supported-2.1.0.tgz",
			"integrity": "sha512-mE00Gnza5EEB3Ds0HfMyllZzbBrmLOX3vfWoj9A9PEnTfratQ/BcaJOuMhnkhjXvb2+FkY3VuHqtAGpTPmglFQ==",
			"dev": true,
			"license": "MIT",
			"engines": {
				"node": ">=18"
			},
			"funding": {
				"url": "https://github.com/sponsors/sindresorhus"
			}
		},
		"node_modules/isarray": {
			"version": "1.0.0",
			"resolved": "https://registry.facebook.net/isarray/-/isarray-1.0.0.tgz",
			"integrity": "sha512-VLghIWNM6ELQzo7zwmcg0NmTVyWKYjvIeM83yjp0wRDTmUnrM678fQbcKBo6n2CJEF0szoG//ytg+TKla89ALQ==",
			"dev": true,
			"license": "MIT"
		},
		"node_modules/jszip": {
			"version": "3.10.1",
			"resolved": "https://registry.facebook.net/jszip/-/jszip-3.10.1.tgz",
			"integrity": "sha512-xXDvecyTpGLrqFrvkrUSoxxfJI5AH7U8zxxtVclpsUtMCq4JQ290LY8AW5c7Ggnr/Y/oK+bQMbqK2qmtk3pN4g==",
			"dev": true,
			"license": "(MIT OR GPL-3.0-or-later)",
			"dependencies": {
				"lie": "~3.3.0",
				"pako": "~1.0.2",
				"readable-stream": "~2.3.6",
				"setimmediate": "^1.0.5"
			}
		},
		"node_modules/lie": {
			"version": "3.3.0",
			"resolved": "https://registry.facebook.net/lie/-/lie-3.3.0.tgz",
			"integrity": "sha512-UaiMJzeWRlEujzAuw5LokY1L5ecNQYZKfmyZ9L7wDHb/p5etKaxXhohBcrw0EYby+G/NA52vRSN4N39dxHAIwQ==",
			"dev": true,
			"license": "MIT",
			"dependencies": {
				"immediate": "~3.0.5"
			}
		},
		"node_modules/log-symbols": {
			"version": "6.0.0",
			"resolved": "https://registry.facebook.net/log-symbols/-/log-symbols-6.0.0.tgz",
			"integrity": "sha512-i24m8rpwhmPIS4zscNzK6MSEhk0DUWa/8iYQWxhffV8jkI4Phvs3F+quL5xvS0gdQR0FyTCMMH33Y78dDTzzIw==",
			"dev": true,
			"license": "MIT",
			"dependencies": {
				"chalk": "^5.3.0",
				"is-unicode-supported": "^1.3.0"
			},
			"engines": {
				"node": ">=18"
			},
			"funding": {
				"url": "https://github.com/sponsors/sindresorhus"
			}
		},
		"node_modules/log-symbols/node_modules/is-unicode-supported": {
			"version": "1.3.0",
			"resolved": "https://registry.facebook.net/is-unicode-supported/-/is-unicode-supported-1.3.0.tgz",
			"integrity": "sha512-43r2mRvz+8JRIKnWJ+3j8JtjRKZ6GmjzfaE/qiBJnikNnYv/6bagRJ1kUhNk8R5EX/GkobD+r+sfxCPJsiKBLQ==",
			"dev": true,
			"license": "MIT",
			"engines": {
				"node": ">=12"
			},
			"funding": {
				"url": "https://github.com/sponsors/sindresorhus"
			}
		},
		"node_modules/mimic-function": {
			"version": "5.0.1",
			"resolved": "https://registry.facebook.net/mimic-function/-/mimic-function-5.0.1.tgz",
			"integrity": "sha512-VP79XUPxV2CigYP3jWwAUFSku2aKqBH7uTAapFWCBqutsbmDo96KY5o8uh6U+/YSIn5OxJnXp73beVkpqMIGhA==",
			"dev": true,
			"license": "MIT",
			"engines": {
				"node": ">=18"
			},
			"funding": {
				"url": "https://github.com/sponsors/sindresorhus"
			}
		},
		"node_modules/minimatch": {
			"version": "10.2.5",
			"resolved": "https://registry.npmjs.org/minimatch/-/minimatch-10.2.5.tgz",
			"integrity": "sha512-MULkVLfKGYDFYejP07QOurDLLQpcjk7Fw+7jXS2R2czRQzR56yHRveU5NDJEOviH+hETZKSkIk5c+T23GjFUMg==",
			"dependencies": {
				"brace-expansion": "^5.0.5"
			},
			"engines": {
				"node": "18 || 20 || >=22"
			},
			"funding": {
				"url": "https://github.com/sponsors/isaacs"
			}
		},
		"node_modules/ms": {
			"version": "2.1.3",
			"resolved": "https://registry.facebook.net/ms/-/ms-2.1.3.tgz",
			"integrity": "sha512-6FlzubTLZG3J2a/NVCAleEhjzq5oxgHyaCU9yYXvcLsvoVaHJq/s5xXI6/XXP6tz7R9xAOtHnSO/tXtF3WRTlA==",
			"dev": true,
			"license": "MIT"
		},
		"node_modules/onetime": {
			"version": "7.0.0",
			"resolved": "https://registry.facebook.net/onetime/-/onetime-7.0.0.tgz",
			"integrity": "sha512-VXJjc87FScF88uafS3JllDgvAm+c/Slfz06lorj2uAY34rlUu0Nt+v8wreiImcrgAjjIHp1rXpTDlLOGw29WwQ==",
			"dev": true,
			"license": "MIT",
			"dependencies": {
				"mimic-function": "^5.0.0"
			},
			"engines": {
				"node": ">=18"
			},
			"funding": {
				"url": "https://github.com/sponsors/sindresorhus"
			}
		},
		"node_modules/ora": {
			"version": "8.2.0",
			"resolved": "https://registry.facebook.net/ora/-/ora-8.2.0.tgz",
			"integrity": "sha512-weP+BZ8MVNnlCm8c0Qdc1WSWq4Qn7I+9CJGm7Qali6g44e/PUzbjNqJX5NJ9ljlNMosfJvg1fKEGILklK9cwnw==",
			"dev": true,
			"license": "MIT",
			"dependencies": {
				"chalk": "^5.3.0",
				"cli-cursor": "^5.0.0",
				"cli-spinners": "^2.9.2",
				"is-interactive": "^2.0.0",
				"is-unicode-supported": "^2.0.0",
				"log-symbols": "^6.0.0",
				"stdin-discarder": "^0.2.2",
				"string-width": "^7.2.0",
				"strip-ansi": "^7.1.0"
			},
			"engines": {
				"node": ">=18"
			},
			"funding": {
				"url": "https://github.com/sponsors/sindresorhus"
			}
		},
		"node_modules/pako": {
			"version": "1.0.11",
			"resolved": "https://registry.facebook.net/pako/-/pako-1.0.11.tgz",
			"integrity": "sha512-4hLB8Py4zZce5s4yd9XzopqwVv/yGNhV1Bl8NTmCq1763HeK2+EwVTv+leGeL13Dnh2wfbqowVPXCIO0z4taYw==",
			"dev": true,
			"license": "(MIT AND Zlib)"
		},
		"node_modules/process-nextick-args": {
			"version": "2.0.1",
			"resolved": "https://registry.facebook.net/process-nextick-args/-/process-nextick-args-2.0.1.tgz",
			"integrity": "sha512-3ouUOpQhtgrbOa17J7+uxOTpITYWaGP7/AhoR3+A+/1e9skrzelGi/dXzEYyvbxubEF6Wn2ypscTKiKJFFn1ag==",
			"dev": true,
			"license": "MIT"
		},
		"node_modules/readable-stream": {
			"version": "2.3.8",
			"resolved": "https://registry.facebook.net/readable-stream/-/readable-stream-2.3.8.tgz",
			"integrity": "sha512-8p0AUk4XODgIewSi0l8Epjs+EVnWiK7NoDIEGU0HhE7+ZyY8D1IMY7odu5lRrFXGg71L15KG8QrPmum45RTtdA==",
			"dev": true,
			"license": "MIT",
			"dependencies": {
				"core-util-is": "~1.0.0",
				"inherits": "~2.0.3",
				"isarray": "~1.0.0",
				"process-nextick-args": "~2.0.0",
				"safe-buffer": "~5.1.1",
				"string_decoder": "~1.1.1",
				"util-deprecate": "~1.0.1"
			}
		},
		"node_modules/restore-cursor": {
			"version": "5.1.0",
			"resolved": "https://registry.facebook.net/restore-cursor/-/restore-cursor-5.1.0.tgz",
			"integrity": "sha512-oMA2dcrw6u0YfxJQXm342bFKX/E4sG9rbTzO9ptUcR/e8A33cHuvStiYOwH7fszkZlZ1z/ta9AAoPk2F4qIOHA==",
			"dev": true,
			"license": "MIT",
			"dependencies": {
				"onetime": "^7.0.0",
				"signal-exit": "^4.1.0"
			},
			"engines": {
				"node": ">=18"
			},
			"funding": {
				"url": "https://github.com/sponsors/sindresorhus"
			}
		},
		"node_modules/safe-buffer": {
			"version": "5.1.2",
			"resolved": "https://registry.facebook.net/safe-buffer/-/safe-buffer-5.1.2.tgz",
			"integrity": "sha512-Gd2UZBJDkXlY7GbJxfsE8/nvKkUEU1G38c1siN6QP6a9PT9MmHB8GnpscSmMJSoF8LOIrt8ud/wPtojys4G6+g==",
			"dev": true,
			"license": "MIT"
		},
		"node_modules/semver": {
			"version": "7.8.5",
			"resolved": "https://registry.facebook.net/semver/-/semver-7.8.5.tgz",
			"integrity": "sha512-Y7/KDsb8LjooZpwaqGyulO6DQlksgCncchHGk+sZIY4SBvUocMBEFH5Ur1fI4dV+Jvl0w6cjvucaIi40puRioA==",
			"license": "ISC",
			"bin": {
				"semver": "bin/semver.js"
			},
			"engines": {
				"node": ">=10"
			}
		},
		"node_modules/setimmediate": {
			"version": "1.0.5",
			"resolved": "https://registry.facebook.net/setimmediate/-/setimmediate-1.0.5.tgz",
			"integrity": "sha512-MATJdZp8sLqDl/68LfQmbP8zKPLQNV6BIZoIgrscFDQ+RsvK/BxeDQOgyxKKoh0y/8h3BqVFnCqQ/gd+reiIXA==",
			"dev": true,
			"license": "MIT"
		},
		"node_modules/signal-exit": {
			"version": "4.1.0",
			"resolved": "https://registry.facebook.net/signal-exit/-/signal-exit-4.1.0.tgz",
			"integrity": "sha512-bzyZ1e88w9O1iNJbKnOlvYTrWPDl46O1bG0D3XInv+9tkPrxrN8jUUTiFlDkkmKWgn1M6CfIA13SuGqOa9Korw==",
			"dev": true,
			"license": "ISC",
			"engines": {
				"node": ">=14"
			},
			"funding": {
				"url": "https://github.com/sponsors/isaacs"
			}
		},
		"node_modules/starlark": {
			"resolved": "..",
			"link": true
		},
		"node_modules/stdin-discarder": {
			"version": "0.2.2",
			"resolved": "https://registry.facebook.net/stdin-discarder/-/stdin-discarder-0.2.2.tgz",
			"integrity": "sha512-UhDfHmA92YAlNnCfhmq0VeNL5bDbiZGg7sZ2IvPsXubGkiNa9EC+tUTsjBRsYUAz87btI6/1wf4XoVvQ3uRnmQ==",
			"dev": true,
			"license": "MIT",
			"engines": {
				"node": ">=18"
			},
			"funding": {
				"url": "https://github.com/sponsors/sindresorhus"
			}
		},
		"node_modules/string_decoder": {
			"version": "1.1.1",
			"resolved": "https://registry.facebook.net/string_decoder/-/string_decoder-1.1.1.tgz",
			"integrity": "sha512-n/ShnvDi6FHbbVfviro+WojiFzv+s8MPMHBczVePfUpDJLwoLT0ht1l4YwBCbi8pJAveEEdnkHyPyTP/mzRfwg==",
			"dev": true,
			"license": "MIT",
			"dependencies": {
				"safe-buffer": "~5.1.0"
			}
		},
		"node_modules/string-width": {
			"version": "7.2.0",
			"resolved": "https://registry.facebook.net/string-width/-/string-width-7.2.0.tgz",
			"integrity": "sha512-tsaTIkKW9b4N+AEj+SVA+WhJzV7/zMhcSu78mLKWSk7cXMOSHsBKFWUs0fWwq8QyK3MgJBQRX6Gbi4kYbdvGkQ==",
			"dev": true,
			"license": "MIT",
			"dependencies": {
				"emoji-regex": "^10.3.0",
				"get-east-asian-width": "^1.0.0",
				"strip-ansi": "^7.1.0"
			},
			"engines": {
				"node": ">=18"
			},
			"funding": {
				"url": "https://github.com/sponsors/sindresorhus"
			}
		},
		"node_modules/strip-ansi": {
			"version": "7.2.0",
			"resolved": "https://registry.facebook.net/strip-ansi/-/strip-ansi-7.2.0.tgz",
			"integrity": "sha512-yDPMNjp4WyfYBkHnjIRLfca1i6KMyGCtsVgoKe/z1+6vukgaENdgGBZt+ZmKPc4gavvEZ5OgHfHdrazhgNyG7w==",
			"dev": true,
			"license": "MIT",
			"dependencies": {
				"ansi-regex": "^6.2.2"
			},
			"engines": {
				"node": ">=12"
			},
			"funding": {
				"url": "https://github.com/chalk/strip-ansi?sponsor=1"
			}
		},
		"node_modules/util-deprecate": {
			"version": "1.0.2",
			"resolved": "https://registry.facebook.net/util-deprecate/-/util-deprecate-1.0.2.tgz",
			"integrity": "sha512-EPD5q1uXyFxJpCrLnCc1nHnq3gOa6DZBocAIiI2TaSCA7VCJ1UJDMagCzIkXNsUYfD1daK//LTEQ8xiIbrHtcw==",
			"dev": true,
			"license": "MIT"
		},
		"node_modules/vscode-jsonrpc": {
			"version": "9.0.1",
			"resolved": "https://registry.facebook.net/vscode-jsonrpc/-/vscode-jsonrpc-9.0.1.tgz",
			"integrity": "sha512-rfuA6T75H6m5EkbhtEPzre9pT0HPcDI2MMy4+nPFIBks5J8JBAUHD4tRYSgaBOijIEC7SRkC1kKyXTLqbmh9jw==",
			"license": "MIT",
			"engines": {
				"node": ">=14.0.0"
			}
		},
		"node_modules/vscode-languageclient": {
			"version": "10.1.0",
			"resolved": "https://registry.facebook.net/vscode-languageclient/-/vscode-languageclient-10.1.0.tgz",
			"integrity": "sha512-XXRx6lqVitQy/oOLr9MfNYRG+MbQkhXkDaxbQMiKxEm8zZNfheRFUKNb8UYNh2stn9btl2wQM5wZFJjJvoc+jA==",
			"license": "MIT",
			"dependencies": {
				"minimatch": "^10.2.5",
				"semver": "^7.8.1",
				"vscode-languageserver-protocol": "3.18.2",
				"vscode-languageserver-textdocument": "1.0.13"
			},
			"engines": {
				"vscode": "^1.91.0"
			}
		},
		"node_modules/vscode-languageserver-protocol": {
			"version": "3.18.2",
			"resolved": "https://registry.facebook.net/vscode-languageserver-protocol/-/vscode-languageserver-protocol-3.18.2.tgz",
			"integrity": "sha512-XRyDbT0Pp3sSNti3JmxVEUMySWCSi1hhM+/KUlCy1hV1zmrqpM1OwO12EAki8blhmLuIMpaJrYbo0OzGVfK2Qg==",
			"license": "MIT",
			"dependencies": {
				"vscode-jsonrpc": "9.0.1",
				"vscode-languageserver-types": "3.18.0"
			}
		},
		"node_modules/vscode-languageserver-textdocument": {
			"version": "1.0.13",
			"resolved": "https://registry.facebook.net/vscode-languageserver-textdocument/-/vscode-languageserver-textdocument-1.0.13.tgz",
			"integrity": "sha512-nx0ZHwMGIsVkzFG3/VLeJYBLTaFBRuNdGDvevvjuoayU5EOS2fEYazOhtCM3PI9ClMMg5igc0uwXtAq4tJj+Dw==",
			"license": "MIT"
		},
		"node_modules/vscode-languageserver-types": {
			"version": "3.18.0",
			"resolved": "https://registry.facebook.net/vscode-languageserver-types/-/vscode-languageserver-types-3.18.0.tgz",
			"integrity": "sha512-8TsGPNMIMiiBdkORgRSvLjuiEIiAFtO+KssmYWxQ+uSVvlf7RjK8YKCOjPzZ+YA04jXEV7+7LvkSmHkhpNS99g==",
			"license": "MIT"
		}
	},
	"dependencies": {
		"@types/vscode": {
			"version": "1.91.0",
			"resolved": "https://registry.facebook.net/@types/vscode/-/vscode-1.91.0.tgz",
			"integrity": "sha512-PgPr+bUODjG3y+ozWUCyzttqR9EHny9sPAfJagddQjDwdtf66y2sDKJMnFZRuzBA2YtBGASqJGPil8VDUPvO6A==",
			"dev": true
		},
		"@vscode/test-electron": {
			"version": "3.0.0",
			"resolved": "https://registry.facebook.net/@vscode/test-electron/-/test-electron-3.0.0.tgz",
			"integrity": "sha512-TY5mC7aAjxSLDXsyjhrG8cJHgc/HLdiE5lvtW7hABYQrY24Qwozzr5UoO3HiuAM4Hzz4b7K/eZlwrCILj94CcA==",
			"dev": true,
			"requires": {
				"http-proxy-agent": "^7.0.2",
				"https-proxy-agent": "^7.0.5",
				"jszip": "^3.10.1",
				"ora": "^8.1.0",
				"semver": "^7.6.2"
			}
		},
		"agent-base": {
			"version": "7.1.4",
			"resolved": "https://registry.facebook.net/agent-base/-/agent-base-7.1.4.tgz",
			"integrity": "sha512-MnA+YT8fwfJPgBx3m60MNqakm30XOkyIoH1y6huTQvC0PwZG7ki8NacLBcrPbNoo8vEZy7Jpuk7+jMO+CUovTQ==",
			"dev": true
		},
		"ansi-regex": {
			"version": "6.2.2",
			"resolved": "https://registry.facebook.net/ansi-regex/-/ansi-regex-6.2.2.tgz",
			"integrity": "sha512-Bq3SmSpyFHaWjPk8If9yc6svM8c56dB5BAtW4Qbw5jHTwwXXcTLoRMkpDJp6VL0XzlWaCHTXrkFURMYmD0sLqg==",
			"dev": true
		},
		"balanced-match": {
			"version": "4.0.4",
			"resolved": "https://registry.npmjs.org/balanced-match/-/balanced-match-4.0.4.tgz",
			"integrity": "sha512-BLrgEcRTwX2o6gGxGOCNyMvGSp35YofuYzw9h1IMTRmKqttAZZVU67bdb9Pr2vUHA8+j3i2tJfjO6C6+4myGTA=="
		},
		"brace-expansion": {
			"version": "5.0.6",
			"resolved": "https://registry.npmjs.org/brace-expansion/-/brace-expansion-5.0.6.tgz",
			"integrity": "sha512-kLpxurY4Z4r9sgMsyG0Z9uzsBlgiU/EFKhj/h91/8yHu0edo7XuixOIH3VcJ8kkxs6/jPzoI6U9Vj3WqbMQ94g==",
			"requires": {
				"balanced-match": "^4.0.2"
			}
		},
		"cd": {
			"version": "0.3.3",
			"resolved": "https://registry.npmjs.org/cd/-/cd-0.3.3.tgz",
			"integrity": "sha512-X2y0Ssu48ucdkrNgCdg6k3EZWjWVy/dsEywUUTeZEIW31f3bQfq65Svm+TzU1Hz+qqhdmyCdjGhUvRsSKHl/mw=="
		},
		"chalk": {
			"version": "5.6.2",
			"resolved": "https://registry.facebook.net/chalk/-/chalk-5.6.2.tgz",
			"integrity": "sha512-7NzBL0rN6fMUW+f7A6Io4h40qQlG+xGmtMxfbnH/K7TAtt8JQWVQK+6g0UXKMeVJoyV5EkkNsErQ8pVD3bLHbA==",
			"dev": true
		},
		"cli-cursor": {
			"version": "5.0.0",
			"resolved": "https://registry.facebook.net/cli-cursor/-/cli-cursor-5.0.0.tgz",
			"integrity": "sha512-aCj4O5wKyszjMmDT4tZj93kxyydN/K5zPWSCe6/0AV/AA1pqe5ZBIw0a2ZfPQV7lL5/yb5HsUreJ6UFAF1tEQw==",
			"dev": true,
			"requires": {
				"restore-cursor": "^5.0.0"
			}
		},
		"cli-spinners": {
			"version": "2.9.2",
			"resolved": "https://registry.facebook.net/cli-spinners/-/cli-spinners-2.9.2.tgz",
			"integrity": "sha512-ywqV+5MmyL4E7ybXgKys4DugZbX0FC6LnwrhjuykIjnK9k8OQacQ7axGKnjDXWNhns0xot3bZI5h55H8yo9cJg==",
			"dev": true
		},
		"core-util-is": {
			"version": "1.0.3",
			"resolved": "https://registry.facebook.net/core-util-is/-/core-util-is-1.0.3.tgz",
			"integrity": "sha512-ZQBvi1DcpJ4GDqanjucZ2Hj3wEO5pZDS89BWbkcrvdxksJorwUDDZamX9ldFkp9aw2lmBDLgkObEA4DWNJ9FYQ==",
			"dev": true
		},
		"debug": {
			"version": "4.4.3",
			"resolved": "https://registry.facebook.net/debug/-/debug-4.4.3.tgz",
			"integrity": "sha512-RGwwWnwQvkVfavKVt22FGLw+xYSdzARwm0ru6DhTVA3umU5hZc28V3kO4stgYryrTlLpuvgI9GiijltAjNbcqA==",
			"dev": true,
			"requires": {
				"ms": "^2.1.3"
			}
		},
		"emoji-regex": {
			"version": "10.6.0",
			"resolved": "https://registry.facebook.net/emoji-regex/-/emoji-regex-10.6.0.tgz",
			"integrity": "sha512-toUI84YS5YmxW219erniWD0CIVOo46xGKColeNQRgOzDorgBi1v4D71/OFzgD9GO2UGKIv1C3Sp8DAn0+j5w7A==",
			"dev": true
		},
		"get-east-asian-width": {
			"version": "1.6.0",
			"resolved": "https://registry.facebook.net/get-east-asian-width/-/get-east-asian-width-1.6.0.tgz",
			"integrity": "sha512-QRbvDIbx6YklUe6RxeTeleMR0yv3cYH6PsPZHcnVn7xv7zO1BHN8r0XETu8n6Ye3Q+ahtSarc3WgtNWmehIBfA==",
			"dev": true
		},
		"http-proxy-agent": {
			"version": "7.0.2",
			"resolved": "https://registry.facebook.net/http-proxy-agent/-/http-proxy-agent-7.0.2.tgz",
			"integrity": "sha512-T1gkAiYYDWYx3V5Bmyu7HcfcvL7mUrTWiM6yOfa3PIphViJ/gFPbvidQ+veqSOHci/PxBcDabeUNCzpOODJZig==",
			"dev": true,
			"requires": {
				"agent-base": "^7.1.0",
				"debug": "^4.3.4"
			}
		},
		"https-proxy-agent": {
			"version": "7.0.6",
			"resolved": "https://registry.facebook.net/https-proxy-agent/-/https-proxy-agent-7.0.6.tgz",
			"integrity": "sha512-vK9P5/iUfdl95AI+JVyUuIcVtd4ofvtrOr3HNtM2yxC9bnMbEdp3x01OhQNnjb8IJYi38VlTE3mBXwcfvywuSw==",
			"dev": true,
			"requires": {
				"agent-base": "^7.1.2",
				"debug": "4"
			}
		},
		"immediate": {
			"version": "3.0.6",
			"resolved": "https://registry.facebook.net/immediate/-/immediate-3.0.6.tgz",
			"integrity": "sha512-XXOFtyqDjNDAQxVfYxuF7g9Il/IbWmmlQg2MYKOH8ExIT1qg6xc4zyS3HaEEATgs1btfzxq15ciUiY7gjSXRGQ==",
			"dev": true
		},
		"inherits": {
			"version": "2.0.4",
			"resolved": "https://registry.facebook.net/inherits/-/inherits-2.0.4.tgz",
			"integrity": "sha512-k/vGaX4/Yla3WzyMCvTQOXYeIHvqOKtnqBduzTHpzpQZzAskKMhZ2K+EnBiSM9zGSoIFeMpXKxa4dYeZIQqewQ==",
			"dev": true
		},
		"is-interactive": {
			"version": "2.0.0",
			"resolved": "https://registry.facebook.net/is-interactive/-/is-interactive-2.0.0.tgz",
			"integrity": "sha512-qP1vozQRI+BMOPcjFzrjXuQvdak2pHNUMZoeG2eRbiSqyvbEf/wQtEOTOX1guk6E3t36RkaqiSt8A/6YElNxLQ==",
			"dev": true
		},
		"is-unicode-supported": {
			"version": "2.1.0",
			"resolved": "https://registry.facebook.net/is-unicode-supported/-/is-unicode-supported-2.1.0.tgz",
			"integrity": "sha512-mE00Gnza5EEB3Ds0HfMyllZzbBrmLOX3vfWoj9A9PEnTfratQ/BcaJOuMhnkhjXvb2+FkY3VuHqtAGpTPmglFQ==",
			"dev": true
		},
		"isarray": {
			"version": "1.0.0",
			"resolved": "https://registry.facebook.net/isarray/-/isarray-1.0.0.tgz",
			"integrity": "sha512-VLghIWNM6ELQzo7zwmcg0NmTVyWKYjvIeM83yjp0wRDTmUnrM678fQbcKBo6n2CJEF0szoG//ytg+TKla89ALQ==",
			"dev": true
		},
		"jszip": {
			"version": "3.10.1",
			"resolved": "https://registry.facebook.net/jszip/-/jszip-3.10.1.tgz",
			"integrity": "sha512-xXDvecyTpGLrqFrvkrUSoxxfJI5AH7U8zxxtVclpsUtMCq4JQ290LY8AW5c7Ggnr/Y/oK+bQMbqK2qmtk3pN4g==",
			"dev": true,
			"requires": {
				"lie": "~3.3.0",
				"pako": "~1.0.2",
				"readable-stream": "~2.3.6",
				"setimmediate": "^1.0.5"
			}
		},
		"lie": {
			"version": "3.3.0",
			"resolved": "https://registry.facebook.net/lie/-/lie-3.3.0.tgz",
			"integrity": "sha512-UaiMJzeWRlEujzAuw5LokY1L5ecNQYZKfmyZ9L7wDHb/p5etKaxXhohBcrw0EYby+G/NA52vRSN4N39dxHAIwQ==",
			"dev": true,
			"requires": {
				"immediate": "~3.0.5"
			}
		},
		"log-symbols": {
			"version": "6.0.0",
			"resolved": "https://registry.facebook.net/log-symbols/-/log-symbols-6.0.0.tgz",
			"integrity": "sha512-i24m8rpwhmPIS4zscNzK6MSEhk0DUWa/8iYQWxhffV8jkI4Phvs3F+quL5xvS0gdQR0FyTCMMH33Y78dDTzzIw==",
			"dev": true,
			"requires": {
				"chalk": "^5.3.0",
				"is-unicode-supported": "^1.3.0"
			},
			"dependencies": {
				"is-unicode-supported": {
					"version": "1.3.0",
					"resolved": "https://registry.facebook.net/is-unicode-supported/-/is-unicode-supported-1.3.0.tgz",
					"integrity": "sha512-43r2mRvz+8JRIKnWJ+3j8JtjRKZ6GmjzfaE/qiBJnikNnYv/6bagRJ1kUhNk8R5EX/GkobD+r+sfxCPJsiKBLQ==",
					"dev": true
				}
			}
		},
		"mimic-function": {
			"version": "5.0.1",
			"resolved": "https://registry.facebook.net/mimic-function/-/mimic-function-5.0.1.tgz",
			"integrity": "sha512-VP79XUPxV2CigYP3jWwAUFSku2aKqBH7uTAapFWCBqutsbmDo96KY5o8uh6U+/YSIn5OxJnXp73beVkpqMIGhA==",
			"dev": true
		},
		"minimatch": {
			"version": "10.2.5",
			"resolved": "https://registry.npmjs.org/minimatch/-/minimatch-10.2.5.tgz",
			"integrity": "sha512-MULkVLfKGYDFYejP07QOurDLLQpcjk7Fw+7jXS2R2czRQzR56yHRveU5NDJEOviH+hETZKSkIk5c+T23GjFUMg==",
			"requires": {
				"brace-expansion": ">=2.0.3"
			}
		},
		"ms": {
			"version": "2.1.3",
			"resolved": "https://registry.facebook.net/ms/-/ms-2.1.3.tgz",
			"integrity": "sha512-6FlzubTLZG3J2a/NVCAleEhjzq5oxgHyaCU9yYXvcLsvoVaHJq/s5xXI6/XXP6tz7R9xAOtHnSO/tXtF3WRTlA==",
			"dev": true
		},
		"onetime": {
			"version": "7.0.0",
			"resolved": "https://registry.facebook.net/onetime/-/onetime-7.0.0.tgz",
			"integrity": "sha512-VXJjc87FScF88uafS3JllDgvAm+c/Slfz06lorj2uAY34rlUu0Nt+v8wreiImcrgAjjIHp1rXpTDlLOGw29WwQ==",
			"dev": true,
			"requires": {
				"mimic-function": "^5.0.0"
			}
		},
		"ora": {
			"version": "8.2.0",
			"resolved": "https://registry.facebook.net/ora/-/ora-8.2.0.tgz",
			"integrity": "sha512-weP+BZ8MVNnlCm8c0Qdc1WSWq4Qn7I+9CJGm7Qali6g44e/PUzbjNqJX5NJ9ljlNMosfJvg1fKEGILklK9cwnw==",
			"dev": true,
			"requires": {
				"chalk": "^5.3.0",
				"cli-cursor": "^5.0.0",
				"cli-spinners": "^2.9.2",
				"is-interactive": "^2.0.0",
				"is-unicode-supported": "^2.0.0",
				"log-symbols": "^6.0.0",
				"stdin-discarder": "^0.2.2",
				"string-width": "^7.2.0",
				"strip-ansi": "^7.1.0"
			}
		},
		"pako": {
			"version": "1.0.11",
			"resolved": "https://registry.facebook.net/pako/-/pako-1.0.11.tgz",
			"integrity": "sha512-4hLB8Py4zZce5s4yd9XzopqwVv/yGNhV1Bl8NTmCq1763HeK2+EwVTv+leGeL13Dnh2wfbqowVPXCIO0z4taYw==",
			"dev": true
		},
		"process-nextick-args": {
			"version": "2.0.1",
			"resolved": "https://registry.facebook.net/process-nextick-args/-/process-nextick-args-2.0.1.tgz",
			"integrity": "sha512-3ouUOpQhtgrbOa17J7+uxOTpITYWaGP7/AhoR3+A+/1e9skrzelGi/dXzEYyvbxubEF6Wn2ypscTKiKJFFn1ag==",
			"dev": true
		},
		"readable-stream": {
			"version": "2.3.8",
			"resolved": "https://registry.facebook.net/readable-stream/-/readable-stream-2.3.8.tgz",
			"integrity": "sha512-8p0AUk4XODgIewSi0l8Epjs+EVnWiK7NoDIEGU0HhE7+ZyY8D1IMY7odu5lRrFXGg71L15KG8QrPmum45RTtdA==",
			"dev": true,
			"requires": {
				"core-util-is": "~1.0.0",
				"inherits": "~2.0.3",
				"isarray": "~1.0.0",
				"process-nextick-args": "~2.0.0",
				"safe-buffer": "~5.1.1",
				"string_decoder": "~1.1.1",
				"util-deprecate": "~1.0.1"
			}
		},
		"restore-cursor": {
			"version": "5.1.0",
			"resolved": "https://registry.facebook.net/restore-cursor/-/restore-cursor-5.1.0.tgz",
			"integrity": "sha512-oMA2dcrw6u0YfxJQXm342bFKX/E4sG9rbTzO9ptUcR/e8A33cHuvStiYOwH7fszkZlZ1z/ta9AAoPk2F4qIOHA==",
			"dev": true,
			"requires": {
				"onetime": "^7.0.0",
				"signal-exit": "^4.1.0"
			}
		},
		"safe-buffer": {
			"version": "5.1.2",
			"resolved": "https://registry.facebook.net/safe-buffer/-/safe-buffer-5.1.2.tgz",
			"integrity": "sha512-Gd2UZBJDkXlY7GbJxfsE8/nvKkUEU1G38c1siN6QP6a9PT9MmHB8GnpscSmMJSoF8LOIrt8ud/wPtojys4G6+g==",
			"dev": true
		},
		"semver": {
			"version": "7.8.5",
			"resolved": "https://registry.facebook.net/semver/-/semver-7.8.5.tgz",
			"integrity": "sha512-Y7/KDsb8LjooZpwaqGyulO6DQlksgCncchHGk+sZIY4SBvUocMBEFH5Ur1fI4dV+Jvl0w6cjvucaIi40puRioA=="
		},
		"setimmediate": {
			"version": "1.0.5",
			"resolved": "https://registry.facebook.net/setimmediate/-/setimmediate-1.0.5.tgz",
			"integrity": "sha512-MATJdZp8sLqDl/68LfQmbP8zKPLQNV6BIZoIgrscFDQ+RsvK/BxeDQOgyxKKoh0y/8h3BqVFnCqQ/gd+reiIXA==",
			"dev": true
		},
		"signal-exit": {
			"version": "4.1.0",
			"resolved": "https://registry.facebook.net/signal-exit/-/signal-exit-4.1.0.tgz",
			"integrity": "sha512-bzyZ1e88w9O1iNJbKnOlvYTrWPDl46O1bG0D3XInv+9tkPrxrN8jUUTiFlDkkmKWgn1M6CfIA13SuGqOa9Korw==",
			"dev": true
		},
		"starlark": {
			"version": "file:..",
			"requires": {
				"@types/mocha": "^10.0.10",
				"@types/node": "^26.1.1",
				"@typescript-eslint/parser": "^8.64.0",
				"@vscode/vsce": "^3.9.2",
				"eslint": "^10.7.0",
				"mocha": "^11.7.6",
				"typescript": "^6.0.3",
				"vscode-languageclient": "^10.1.0"
			}
		},
		"stdin-discarder": {
			"version": "0.2.2",
			"resolved": "https://registry.facebook.net/stdin-discarder/-/stdin-discarder-0.2.2.tgz",
			"integrity": "sha512-UhDfHmA92YAlNnCfhmq0VeNL5bDbiZGg7sZ2IvPsXubGkiNa9EC+tUTsjBRsYUAz87btI6/1wf4XoVvQ3uRnmQ==",
			"dev": true
		},
		"string_decoder": {
			"version": "1.1.1",
			"resolved": "https://registry.facebook.net/string_decoder/-/string_decoder-1.1.1.tgz",
			"integrity": "sha512-n/ShnvDi6FHbbVfviro+WojiFzv+s8MPMHBczVePfUpDJLwoLT0ht1l4YwBCbi8pJAveEEdnkHyPyTP/mzRfwg==",
			"dev": true,
			"requires": {
				"safe-buffer": "~5.1.0"
			}
		},
		"string-width": {
			"version": "7.2.0",
			"resolved": "https://registry.facebook.net/string-width/-/string-width-7.2.0.tgz",
			"integrity": "sha512-tsaTIkKW9b4N+AEj+SVA+WhJzV7/zMhcSu78mLKWSk7cXMOSHsBKFWUs0fWwq8QyK3MgJBQRX6Gbi4kYbdvGkQ==",
			"dev": true,
			"requires": {
				"emoji-regex": "^10.3.0",
				"get-east-asian-width": "^1.0.0",
				"strip-ansi": "^7.1.0"
			}
		},
		"strip-ansi": {
			"version": "7.2.0",
			"resolved": "https://registry.facebook.net/strip-ansi/-/strip-ansi-7.2.0.tgz",
			"integrity": "sha512-yDPMNjp4WyfYBkHnjIRLfca1i6KMyGCtsVgoKe/z1+6vukgaENdgGBZt+ZmKPc4gavvEZ5OgHfHdrazhgNyG7w==",
			"dev": true,
			"requires": {
				"ansi-regex": "^6.2.2"
			}
		},
		"util-deprecate": {
			"version": "1.0.2",
			"resolved": "https://registry.facebook.net/util-deprecate/-/util-deprecate-1.0.2.tgz",
			"integrity": "sha512-EPD5q1uXyFxJpCrLnCc1nHnq3gOa6DZBocAIiI2TaSCA7VCJ1UJDMagCzIkXNsUYfD1daK//LTEQ8xiIbrHtcw==",
			"dev": true
		},
		"vscode-jsonrpc": {
			"version": "9.0.1",
			"resolved": "https://registry.facebook.net/vscode-jsonrpc/-/vscode-jsonrpc-9.0.1.tgz",
			"integrity": "sha512-rfuA6T75H6m5EkbhtEPzre9pT0HPcDI2MMy4+nPFIBks5J8JBAUHD4tRYSgaBOijIEC7SRkC1kKyXTLqbmh9jw=="
		},
		"vscode-languageclient": {
			"version": "10.1.0",
			"resolved": "https://registry.facebook.net/vscode-languageclient/-/vscode-languageclient-10.1.0.tgz",
			"integrity": "sha512-XXRx6lqVitQy/oOLr9MfNYRG+MbQkhXkDaxbQMiKxEm8zZNfheRFUKNb8UYNh2stn9btl2wQM5wZFJjJvoc+jA==",
			"requires": {
				"minimatch": ">=3.1.3",
				"semver": "^7.8.1",
				"vscode-languageserver-protocol": "3.18.2",
				"vscode-languageserver-textdocument": "1.0.13"
			}
		},
		"vscode-languageserver-protocol": {
			"version": "3.18.2",
			"resolved": "https://registry.facebook.net/vscode-languageserver-protocol/-/vscode-languageserver-protocol-3.18.2.tgz",
			"integrity": "sha512-XRyDbT0Pp3sSNti3JmxVEUMySWCSi1hhM+/KUlCy1hV1zmrqpM1OwO12EAki8blhmLuIMpaJrYbo0OzGVfK2Qg==",
			"requires": {
				"vscode-jsonrpc": "9.0.1",
				"vscode-languageserver-types": "3.18.0"
			}
		},
		"vscode-languageserver-textdocument": {
			"version": "1.0.13",
			"resolved": "https://registry.facebook.net/vscode-languageserver-textdocument/-/vscode-languageserver-textdocument-1.0.13.tgz",
			"integrity": "sha512-nx0ZHwMGIsVkzFG3/VLeJYBLTaFBRuNdGDvevvjuoayU5EOS2fEYazOhtCM3PI9ClMMg5igc0uwXtAq4tJj+Dw=="
		},
		"vscode-languageserver-types": {
			"version": "3.18.0",
			"resolved": "https://registry.facebook.net/vscode-languageserver-types/-/vscode-languageserver-types-3.18.0.tgz",
			"integrity": "sha512-8TsGPNMIMiiBdkORgRSvLjuiEIiAFtO+KssmYWxQ+uSVvlf7RjK8YKCOjPzZ+YA04jXEV7+7LvkSmHkhpNS99g=="
		}
	}
}
