{
 "graph_lock": {
  "nodes": {
   "0": {
    "options": "zlib:fPIC=True\nzlib:shared=False",
    "requires": [
     "1"
    ],
    "path": "../../../../../../../../cpp/conan/conanfile.txt",
    "context": "host"
   },
   "1": {
    "ref": "zlib/1.2.13",
    "options": "fPIC=True\nshared=False",
    "package_id": "c10a1a185befd155ccf9af892387d3946f445cf6",
    "context": "host"
   }
  },
  "revisions_enabled": false
 },
 "version": "0.4",
 "profile_host": "[settings]\narch=x86_64\nbuild_type=Release\ncompiler=gcc\ncompiler.libcxx=libstdc++\ncompiler.version=11.3\nos=Linux\n[options]\n[build_requires]\n[env]\nAR=/home/aj/tweag.io/meta-buckv2/buck2/examples/prelude/buck-out/v2/gen/toolchains/291b6c3a26d6a3e9/__conan-profile__/AR\nAS=/home/aj/tweag.io/meta-buckv2/buck2/examples/prelude/buck-out/v2/gen/toolchains/291b6c3a26d6a3e9/__conan-profile__/AS\nCC=/home/aj/tweag.io/meta-buckv2/buck2/examples/prelude/buck-out/v2/gen/toolchains/291b6c3a26d6a3e9/__conan-profile__/CC\nCFLAGS=\nCMAKE_FIND_ROOT_PATH=\nCXX=/home/aj/tweag.io/meta-buckv2/buck2/examples/prelude/buck-out/v2/gen/toolchains/291b6c3a26d6a3e9/__conan-profile__/CXX\nCXXFLAGS=\nNM=/home/aj/tweag.io/meta-buckv2/buck2/examples/prelude/buck-out/v2/gen/toolchains/291b6c3a26d6a3e9/__conan-profile__/NM\nRANLIB=/home/aj/tweag.io/meta-buckv2/buck2/examples/prelude/buck-out/v2/gen/toolchains/291b6c3a26d6a3e9/__conan-profile__/RANLIB\nSTRIP=/home/aj/tweag.io/meta-buckv2/buck2/examples/prelude/buck-out/v2/gen/toolchains/291b6c3a26d6a3e9/__conan-profile__/STRIP"
}